
Microsoft Visual Studio Solution File, Format Version 12.00
# Visual Studio Version 16
VisualStudioVersion = 16.0.30503.244
MinimumVisualStudioVersion = 10.0.40219.1
Project("{FAE04EC0-301F-11D3-BF4B-00C04F79EFBC}") = "DLS2", "DLS2\DLS2.csproj", "{AA962588-E769-4587-8211-AD1D901EAF2C}"
EndProject
Global
	GlobalSection(SolutionConfigurationPlatforms) = preSolution
		Debug|Any CPU = Debug|Any CPU
		Release|Any CPU = Release|Any CPU
	EndGlobalSection
	GlobalSection(ProjectConfigurationPlatforms) = postSolution
		{AA962588-E769-4587-8211-AD1D901EAF2C}.Debug|Any CPU.ActiveCfg = Debug|Any CPU
		{AA962588-E769-4587-8211-AD1D901EAF2C}.Debug|Any CPU.Build.0 = Debug|Any CPU
		{AA962588-E769-4587-8211-AD1D901EAF2C}.Release|Any CPU.ActiveCfg = Release|Any CPU
		{AA962588-E769-4587-8211-AD1D901EAF2C}.Release|Any CPU.Build.0 = Release|Any CPU
	EndGlobalSection
	GlobalSection(SolutionProperties) = preSolution
		HideSolutionNode = FALSE
	EndGlobalSection
	GlobalSection(ExtensibilityGlobals) = postSolution
		SolutionGuid = {E5515F80-0D53-4618-9ED5-10A59FB4A7A0}
	EndGlobalSection
EndGlobal
