
Microsoft Visual Studio Solution File, Format Version 12.00
# Visual Studio Version 17
VisualStudioVersion = 17.3.32819.101
MinimumVisualStudioVersion = 10.0.40219.1
Project("{9A19103F-16F7-4668-BE54-9A1E7A4F7556}") = "VG Music Studio - WinForms", "VG Music Studio - WinForms\VG Music Studio - WinForms.csproj", "{646D3254-F214-4F33-991F-5D5DEB7219AA}"
EndProject
Project("{9A19103F-16F7-4668-BE54-9A1E7A4F7556}") = "VG Music Studio - Core", "VG Music Studio - Core\VG Music Studio - Core.csproj", "{5DC1E437-AEA1-4C0E-A57F-09D3DC9F4E7D}"
EndProject
Project("{9A19103F-16F7-4668-BE54-9A1E7A4F7556}") = "VG Music Studio - MIDI", "VG Music Studio - MIDI\VG Music Studio - MIDI.csproj", "{6756ED81-71F6-457D-AD23-9C03B6C934E4}"
EndProject
Project("{9A19103F-16F7-4668-BE54-9A1E7A4F7556}") = "EndianBinaryIO", "..\EndianBinaryIO\Source\EndianBinaryIO.csproj", "{D376BB1C-0DBC-4FED-9C8F-9E837CC913A6}"
EndProject
Global
	GlobalSection(SolutionConfigurationPlatforms) = preSolution
		Debug|Any CPU = Debug|Any CPU
		Release|Any CPU = Release|Any CPU
	EndGlobalSection
	GlobalSection(ProjectConfigurationPlatforms) = postSolution
		{646D3254-F214-4F33-991F-5D5DEB7219AA}.Debug|Any CPU.ActiveCfg = Debug|Any CPU
		{646D3254-F214-4F33-991F-5D5DEB7219AA}.Debug|Any CPU.Build.0 = Debug|Any CPU
		{646D3254-F214-4F33-991F-5D5DEB7219AA}.Release|Any CPU.ActiveCfg = Release|Any CPU
		{646D3254-F214-4F33-991F-5D5DEB7219AA}.Release|Any CPU.Build.0 = Release|Any CPU
		{5DC1E437-AEA1-4C0E-A57F-09D3DC9F4E7D}.Debug|Any CPU.ActiveCfg = Debug|Any CPU
		{5DC1E437-AEA1-4C0E-A57F-09D3DC9F4E7D}.Debug|Any CPU.Build.0 = Debug|Any CPU
		{5DC1E437-AEA1-4C0E-A57F-09D3DC9F4E7D}.Release|Any CPU.ActiveCfg = Release|Any CPU
		{5DC1E437-AEA1-4C0E-A57F-09D3DC9F4E7D}.Release|Any CPU.Build.0 = Release|Any CPU
		{6756ED81-71F6-457D-AD23-9C03B6C934E4}.Debug|Any CPU.ActiveCfg = Debug|Any CPU
		{6756ED81-71F6-457D-AD23-9C03B6C934E4}.Debug|Any CPU.Build.0 = Debug|Any CPU
		{6756ED81-71F6-457D-AD23-9C03B6C934E4}.Release|Any CPU.ActiveCfg = Release|Any CPU
		{6756ED81-71F6-457D-AD23-9C03B6C934E4}.Release|Any CPU.Build.0 = Release|Any CPU
		{D376BB1C-0DBC-4FED-9C8F-9E837CC913A6}.Debug|Any CPU.ActiveCfg = Debug|Any CPU
		{D376BB1C-0DBC-4FED-9C8F-9E837CC913A6}.Debug|Any CPU.Build.0 = Debug|Any CPU
		{D376BB1C-0DBC-4FED-9C8F-9E837CC913A6}.Release|Any CPU.ActiveCfg = Release|Any CPU
		{D376BB1C-0DBC-4FED-9C8F-9E837CC913A6}.Release|Any CPU.Build.0 = Release|Any CPU
	EndGlobalSection
	GlobalSection(SolutionProperties) = preSolution
		HideSolutionNode = FALSE
	EndGlobalSection
	GlobalSection(ExtensibilityGlobals) = postSolution
		SolutionGuid = {4858DADE-EB1D-47C1-8033-425E0A805959}
	EndGlobalSection
EndGlobal
